
Microsoft Visual Studio Solution File, Format Version 12.00
# Visual Studio Version 17
VisualStudioVersion = 17.7.34031.279
MinimumVisualStudioVersion = 10.0.40219.1
Project("{FAE04EC0-301F-11D3-BF4B-00C04F79EFBC}") = "End-Of-Course-Exam", "End-Of-Course-Exam.csproj", "{53737527-26AF-4FA4-810B-F6CAD8D8DD16}"
EndProject
Global
	GlobalSection(SolutionConfigurationPlatforms) = preSolution
		Debug|Any CPU = Debug|Any CPU
		Release|Any CPU = Release|Any CPU
	EndGlobalSection
	GlobalSection(ProjectConfigurationPlatforms) = postSolution
		{53737527-26AF-4FA4-810B-F6CAD8D8DD16}.Debug|Any CPU.ActiveCfg = Debug|Any CPU
		{53737527-26AF-4FA4-810B-F6CAD8D8DD16}.Debug|Any CPU.Build.0 = Debug|Any CPU
		{53737527-26AF-4FA4-810B-F6CAD8D8DD16}.Release|Any CPU.ActiveCfg = Release|Any CPU
		{53737527-26AF-4FA4-810B-F6CAD8D8DD16}.Release|Any CPU.Build.0 = Release|Any CPU
	EndGlobalSection
	GlobalSection(SolutionProperties) = preSolution
		HideSolutionNode = FALSE
	EndGlobalSection
	GlobalSection(ExtensibilityGlobals) = postSolution
		SolutionGuid = {DFD0A678-BAFB-4F90-A7B8-4FC07EFFF954}
	EndGlobalSection
EndGlobal
