
Microsoft Visual Studio Solution File, Format Version 12.00
# Visual Studio Version 17
VisualStudioVersion = 17.7.34031.279
MinimumVisualStudioVersion = 10.0.40219.1
Project("{FAE04EC0-301F-11D3-BF4B-00C04F79EFBC}") = "exam-section-interfaces", "exam-section-interfaces.csproj", "{65E0D9AF-148D-4782-8B5D-DE2785834C71}"
EndProject
Global
	GlobalSection(SolutionConfigurationPlatforms) = preSolution
		Debug|Any CPU = Debug|Any CPU
		Release|Any CPU = Release|Any CPU
	EndGlobalSection
	GlobalSection(ProjectConfigurationPlatforms) = postSolution
		{65E0D9AF-148D-4782-8B5D-DE2785834C71}.Debug|Any CPU.ActiveCfg = Debug|Any CPU
		{65E0D9AF-148D-4782-8B5D-DE2785834C71}.Debug|Any CPU.Build.0 = Debug|Any CPU
		{65E0D9AF-148D-4782-8B5D-DE2785834C71}.Release|Any CPU.ActiveCfg = Release|Any CPU
		{65E0D9AF-148D-4782-8B5D-DE2785834C71}.Release|Any CPU.Build.0 = Release|Any CPU
	EndGlobalSection
	GlobalSection(SolutionProperties) = preSolution
		HideSolutionNode = FALSE
	EndGlobalSection
	GlobalSection(ExtensibilityGlobals) = postSolution
		SolutionGuid = {5D6D4260-3475-4912-9787-950D5354E8C7}
	EndGlobalSection
EndGlobal
