
Microsoft Visual Studio Solution File, Format Version 12.00
# Visual Studio Version 17
VisualStudioVersion = 17.7.34031.279
MinimumVisualStudioVersion = 10.0.40219.1
Project("{FAE04EC0-301F-11D3-BF4B-00C04F79EFBC}") = "exam_loan_program", "exam_loan_program.csproj", "{0E720392-1F5D-40FA-8A16-8933281EF32A}"
EndProject
Global
	GlobalSection(SolutionConfigurationPlatforms) = preSolution
		Debug|Any CPU = Debug|Any CPU
		Release|Any CPU = Release|Any CPU
	EndGlobalSection
	GlobalSection(ProjectConfigurationPlatforms) = postSolution
		{0E720392-1F5D-40FA-8A16-8933281EF32A}.Debug|Any CPU.ActiveCfg = Debug|Any CPU
		{0E720392-1F5D-40FA-8A16-8933281EF32A}.Debug|Any CPU.Build.0 = Debug|Any CPU
		{0E720392-1F5D-40FA-8A16-8933281EF32A}.Release|Any CPU.ActiveCfg = Release|Any CPU
		{0E720392-1F5D-40FA-8A16-8933281EF32A}.Release|Any CPU.Build.0 = Release|Any CPU
	EndGlobalSection
	GlobalSection(SolutionProperties) = preSolution
		HideSolutionNode = FALSE
	EndGlobalSection
	GlobalSection(ExtensibilityGlobals) = postSolution
		SolutionGuid = {CF536CDD-EB88-4B22-9A20-F17B3EE1C2CF}
	EndGlobalSection
EndGlobal
